PODS:
  - MovieClipsNetworking (1.0.1)
  - MovieClipsUI (1.0.1)

DEPENDENCIES:
  - MovieClipsNetworking (from `../MovieClipsNetworking`)
  - MovieClipsUI (from `../MovieClipsUI`)

EXTERNAL SOURCES:
  MovieClipsNetworking:
    :path: "../MovieClipsNetworking"
  MovieClipsUI:
    :path: "../MovieClipsUI"

SPEC CHECKSUMS:
  MovieClipsNetworking: 2d44d28a46cda0febc9c09223a9c9897b5019005
  MovieClipsUI: 7fe340ad047cab05f3026c96ed96ec7fe2ccb97e

PODFILE CHECKSUM: f4f8b1020affb09bd5ce2c0f0c2a7f19adc346b8

COCOAPODS: 1.5.3
