// !$*UTF8*$!
{
	archiveVersion = 1;
	classes = {
	};
	objectVersion = 50;
	objects = {

/* Begin PBXBuildFile section */
		C2604FE42156A24800DF1078 /* AppDelegate.swift in Sources */ = {isa = PBXBuildFile; fileRef = C2604FE32156A24800DF1078 /* AppDelegate.swift */; };
		C2604FE92156A24800DF1078 /* Main.storyboard in Resources */ = {isa = PBXBuildFile; fileRef = C2604FE72156A24800DF1078 /* Main.storyboard */; };
		C2604FEB2156A24800DF1078 /* Assets.xcassets in Resources */ = {isa = PBXBuildFile; fileRef = C2604FEA2156A24800DF1078 /* Assets.xcassets */; };
		C2604FEE2156A24800DF1078 /* LaunchScreen.storyboard in Resources */ = {isa = PBXBuildFile; fileRef = C2604FEC2156A24800DF1078 /* LaunchScreen.storyboard */; };
		C2604FFA2156A38C00DF1078 /* MovieClipsViewController.swift in Sources */ = {isa = PBXBuildFile; fileRef = C2604FF92156A38C00DF1078 /* MovieClipsViewController.swift */; };
		C2604FFD2156B81300DF1078 /* MCClip.swift in Sources */ = {isa = PBXBuildFile; fileRef = C2604FFC2156B81300DF1078 /* MCClip.swift */; };
		C2604FFF2156B8EC00DF1078 /* MCClipsViewModel.swift in Sources */ = {isa = PBXBuildFile; fileRef = C2604FFE2156B8EC00DF1078 /* MCClipsViewModel.swift */; };
		C26050022156B9E000DF1078 /* MCNetworking.swift in Sources */ = {isa = PBXBuildFile; fileRef = C26050012156B9E000DF1078 /* MCNetworking.swift */; };
		C26050042156C85500DF1078 /* MCClipsStore.swift in Sources */ = {isa = PBXBuildFile; fileRef = C26050032156C85500DF1078 /* MCClipsStore.swift */; };
		C26050062156D3CC00DF1078 /* MCCarousel.swift in Sources */ = {isa = PBXBuildFile; fileRef = C26050052156D3CC00DF1078 /* MCCarousel.swift */; };
		C260500C2157312A00DF1078 /* topCarouselCell.swift in Sources */ = {isa = PBXBuildFile; fileRef = C260500B2157312A00DF1078 /* topCarouselCell.swift */; };
		C260500E2157314800DF1078 /* bottomCarouselCell.swift in Sources */ = {isa = PBXBuildFile; fileRef = C260500D2157314800DF1078 /* bottomCarouselCell.swift */; };
		C26050102157493F00DF1078 /* MCCaching.swift in Sources */ = {isa = PBXBuildFile; fileRef = C260500F2157493F00DF1078 /* MCCaching.swift */; };
/* End PBXBuildFile section */

/* Begin PBXFileReference section */
		C2604FE02156A24800DF1078 /* MovieClips.app */ = {isa = PBXFileReference; explicitFileType = wrapper.application; includeInIndex = 0; path = MovieClips.app; sourceTree = BUILT_PRODUCTS_DIR; };
		C2604FE32156A24800DF1078 /* AppDelegate.swift */ = {isa = PBXFileReference; lastKnownFileType = sourcecode.swift; path = AppDelegate.swift; sourceTree = "<group>"; };
		C2604FE82156A24800DF1078 /* Base */ = {isa = PBXFileReference; lastKnownFileType = file.storyboard; name = Base; path = Base.lproj/Main.storyboard; sourceTree = "<group>"; };
		C2604FEA2156A24800DF1078 /* Assets.xcassets */ = {isa = PBXFileReference; lastKnownFileType = folder.assetcatalog; path = Assets.xcassets; sourceTree = "<group>"; };
		C2604FED2156A24800DF1078 /* Base */ = {isa = PBXFileReference; lastKnownFileType = file.storyboard; name = Base; path = Base.lproj/LaunchScreen.storyboard; sourceTree = "<group>"; };
		C2604FEF2156A24900DF1078 /* Info.plist */ = {isa = PBXFileReference; lastKnownFileType = text.plist.xml; path = Info.plist; sourceTree = "<group>"; };
		C2604FF92156A38C00DF1078 /* MovieClipsViewController.swift */ = {isa = PBXFileReference; lastKnownFileType = sourcecode.swift; path = MovieClipsViewController.swift; sourceTree = "<group>"; };
		C2604FFC2156B81300DF1078 /* MCClip.swift */ = {isa = PBXFileReference; lastKnownFileType = sourcecode.swift; path = MCClip.swift; sourceTree = "<group>"; };
		C2604FFE2156B8EC00DF1078 /* MCClipsViewModel.swift */ = {isa = PBXFileReference; lastKnownFileType = sourcecode.swift; path = MCClipsViewModel.swift; sourceTree = "<group>"; };
		C26050012156B9E000DF1078 /* MCNetworking.swift */ = {isa = PBXFileReference; lastKnownFileType = sourcecode.swift; path = MCNetworking.swift; sourceTree = "<group>"; };
		C26050032156C85500DF1078 /* MCClipsStore.swift */ = {isa = PBXFileReference; lastKnownFileType = sourcecode.swift; path = MCClipsStore.swift; sourceTree = "<group>"; };
		C26050052156D3CC00DF1078 /* MCCarousel.swift */ = {isa = PBXFileReference; lastKnownFileType = sourcecode.swift; path = MCCarousel.swift; sourceTree = "<group>"; };
		C260500B2157312A00DF1078 /* topCarouselCell.swift */ = {isa = PBXFileReference; lastKnownFileType = sourcecode.swift; path = topCarouselCell.swift; sourceTree = "<group>"; };
		C260500D2157314800DF1078 /* bottomCarouselCell.swift */ = {isa = PBXFileReference; lastKnownFileType = sourcecode.swift; path = bottomCarouselCell.swift; sourceTree = "<group>"; };
		C260500F2157493F00DF1078 /* MCCaching.swift */ = {isa = PBXFileReference; lastKnownFileType = sourcecode.swift; path = MCCaching.swift; sourceTree = "<group>"; };
/* End PBXFileReference section */

/* Begin PBXFrameworksBuildPhase section */
		C2604FDD2156A24800DF1078 /* Frameworks */ = {
			isa = PBXFrameworksBuildPhase;
			buildActionMask = 2147483647;
			files = (
			);
			runOnlyForDeploymentPostprocessing = 0;
		};
/* End PBXFrameworksBuildPhase section */

/* Begin PBXGroup section */
		C2604FD72156A24800DF1078 = {
			isa = PBXGroup;
			children = (
				C2604FE22156A24800DF1078 /* MovieClips */,
				C2604FE12156A24800DF1078 /* Products */,
			);
			sourceTree = "<group>";
		};
		C2604FE12156A24800DF1078 /* Products */ = {
			isa = PBXGroup;
			children = (
				C2604FE02156A24800DF1078 /* MovieClips.app */,
			);
			name = Products;
			sourceTree = "<group>";
		};
		C2604FE22156A24800DF1078 /* MovieClips */ = {
			isa = PBXGroup;
			children = (
				C2604FE32156A24800DF1078 /* AppDelegate.swift */,
				C26050002156B9C700DF1078 /* Servie */,
				C2604FFB2156B7C300DF1078 /* Model */,
				C2604FF62156A33900DF1078 /* UI */,
				C2604FF52156A32400DF1078 /* Resource */,
				C2604FEF2156A24900DF1078 /* Info.plist */,
			);
			path = MovieClips;
			sourceTree = "<group>";
		};
		C2604FF52156A32400DF1078 /* Resource */ = {
			isa = PBXGroup;
			children = (
				C2604FE72156A24800DF1078 /* Main.storyboard */,
				C2604FEA2156A24800DF1078 /* Assets.xcassets */,
				C2604FEC2156A24800DF1078 /* LaunchScreen.storyboard */,
			);
			path = Resource;
			sourceTree = "<group>";
		};
		C2604FF62156A33900DF1078 /* UI */ = {
			isa = PBXGroup;
			children = (
				C2604FF92156A38C00DF1078 /* MovieClipsViewController.swift */,
				C26050052156D3CC00DF1078 /* MCCarousel.swift */,
				C260500B2157312A00DF1078 /* topCarouselCell.swift */,
				C260500D2157314800DF1078 /* bottomCarouselCell.swift */,
			);
			path = UI;
			sourceTree = "<group>";
		};
		C2604FFB2156B7C300DF1078 /* Model */ = {
			isa = PBXGroup;
			children = (
				C2604FFC2156B81300DF1078 /* MCClip.swift */,
				C2604FFE2156B8EC00DF1078 /* MCClipsViewModel.swift */,
			);
			path = Model;
			sourceTree = "<group>";
		};
		C26050002156B9C700DF1078 /* Servie */ = {
			isa = PBXGroup;
			children = (
				C26050012156B9E000DF1078 /* MCNetworking.swift */,
				C26050032156C85500DF1078 /* MCClipsStore.swift */,
				C260500F2157493F00DF1078 /* MCCaching.swift */,
			);
			path = Servie;
			sourceTree = "<group>";
		};
/* End PBXGroup section */

/* Begin PBXNativeTarget section */
		C2604FDF2156A24800DF1078 /* MovieClips */ = {
			isa = PBXNativeTarget;
			buildConfigurationList = C2604FF22156A24900DF1078 /* Build configuration list for PBXNativeTarget "MovieClips" */;
			buildPhases = (
				C2604FDC2156A24800DF1078 /* Sources */,
				C2604FDD2156A24800DF1078 /* Frameworks */,
				C2604FDE2156A24800DF1078 /* Resources */,
			);
			buildRules = (
			);
			dependencies = (
			);
			name = MovieClips;
			productName = MovieClips;
			productReference = C2604FE02156A24800DF1078 /* MovieClips.app */;
			productType = "com.apple.product-type.application";
		};
/* End PBXNativeTarget section */

/* Begin PBXProject section */
		C2604FD82156A24800DF1078 /* Project object */ = {
			isa = PBXProject;
			attributes = {
				LastSwiftUpdateCheck = 1000;
				LastUpgradeCheck = 1000;
				ORGANIZATIONNAME = STPDChen;
				TargetAttributes = {
					C2604FDF2156A24800DF1078 = {
						CreatedOnToolsVersion = 10.0;
					};
				};
			};
			buildConfigurationList = C2604FDB2156A24800DF1078 /* Build configuration list for PBXProject "MovieClips" */;
			compatibilityVersion = "Xcode 9.3";
			developmentRegion = en;
			hasScannedForEncodings = 0;
			knownRegions = (
				en,
				Base,
			);
			mainGroup = C2604FD72156A24800DF1078;
			productRefGroup = C2604FE12156A24800DF1078 /* Products */;
			projectDirPath = "";
			projectRoot = "";
			targets = (
				C2604FDF2156A24800DF1078 /* MovieClips */,
			);
		};
/* End PBXProject section */

/* Begin PBXResourcesBuildPhase section */
		C2604FDE2156A24800DF1078 /* Resources */ = {
			isa = PBXResourcesBuildPhase;
			buildActionMask = 2147483647;
			files = (
				C2604FEE2156A24800DF1078 /* LaunchScreen.storyboard in Resources */,
				C2604FEB2156A24800DF1078 /* Assets.xcassets in Resources */,
				C2604FE92156A24800DF1078 /* Main.storyboard in Resources */,
			);
			runOnlyForDeploymentPostprocessing = 0;
		};
/* End PBXResourcesBuildPhase section */

/* Begin PBXSourcesBuildPhase section */
		C2604FDC2156A24800DF1078 /* Sources */ = {
			isa = PBXSourcesBuildPhase;
			buildActionMask = 2147483647;
			files = (
				C26050022156B9E000DF1078 /* MCNetworking.swift in Sources */,
				C260500C2157312A00DF1078 /* topCarouselCell.swift in Sources */,
				C26050042156C85500DF1078 /* MCClipsStore.swift in Sources */,
				C2604FFF2156B8EC00DF1078 /* MCClipsViewModel.swift in Sources */,
				C2604FE42156A24800DF1078 /* AppDelegate.swift in Sources */,
				C26050102157493F00DF1078 /* MCCaching.swift in Sources */,
				C26050062156D3CC00DF1078 /* MCCarousel.swift in Sources */,
				C2604FFA2156A38C00DF1078 /* MovieClipsViewController.swift in Sources */,
				C2604FFD2156B81300DF1078 /* MCClip.swift in Sources */,
				C260500E2157314800DF1078 /* bottomCarouselCell.swift in Sources */,
			);
			runOnlyForDeploymentPostprocessing = 0;
		};
/* End PBXSourcesBuildPhase section */

/* Begin PBXVariantGroup section */
		C2604FE72156A24800DF1078 /* Main.storyboard */ = {
			isa = PBXVariantGroup;
			children = (
				C2604FE82156A24800DF1078 /* Base */,
			);
			name = Main.storyboard;
			sourceTree = "<group>";
		};
		C2604FEC2156A24800DF1078 /* LaunchScreen.storyboard */ = {
			isa = PBXVariantGroup;
			children = (
				C2604FED2156A24800DF1078 /* Base */,
			);
			name = LaunchScreen.storyboard;
			sourceTree = "<group>";
		};
/* End PBXVariantGroup section */

/* Begin XCBuildConfiguration section */
		C2604FF02156A24900DF1078 /* Debug */ = {
			isa = XCBuildConfiguration;
			buildSettings = {
				ALWAYS_SEARCH_USER_PATHS = NO;
				CLANG_ANALYZER_NONNULL = YES;
				CLANG_ANALYZER_NUMBER_OBJECT_CONVERSION = YES_AGGRESSIVE;
				CLANG_CXX_LANGUAGE_STANDARD = "gnu++14";
				CLANG_CXX_LIBRARY = "libc++";
				CLANG_ENABLE_MODULES = YES;
				CLANG_ENABLE_OBJC_ARC = YES;
				CLANG_ENABLE_OBJC_WEAK = YES;
				CLANG_WARN_BLOCK_CAPTURE_AUTORELEASING = YES;
				CLANG_WARN_BOOL_CONVERSION = YES;
				CLANG_WARN_COMMA = YES;
				CLANG_WARN_CONSTANT_CONVERSION = YES;
				CLANG_WARN_DEPRECATED_OBJC_IMPLEMENTATIONS = YES;
				CLANG_WARN_DIRECT_OBJC_ISA_USAGE = YES_ERROR;
				CLANG_WARN_DOCUMENTATION_COMMENTS = YES;
				CLANG_WARN_EMPTY_BODY = YES;
				CLANG_WARN_ENUM_CONVERSION = YES;
				CLANG_WARN_INFINITE_RECURSION = YES;
				CLANG_WARN_INT_CONVERSION = YES;
				CLANG_WARN_NON_LITERAL_NULL_CONVERSION = YES;
				CLANG_WARN_OBJC_IMPLICIT_RETAIN_SELF = YES;
				CLANG_WARN_OBJC_LITERAL_CONVERSION = YES;
				CLANG_WARN_OBJC_ROOT_CLASS = YES_ERROR;
				CLANG_WARN_RANGE_LOOP_ANALYSIS = YES;
				CLANG_WARN_STRICT_PROTOTYPES = YES;
				CLANG_WARN_SUSPICIOUS_MOVE = YES;
				CLANG_WARN_UNGUARDED_AVAILABILITY = YES_AGGRESSIVE;
				CLANG_WARN_UNREACHABLE_CODE = YES;
				CLANG_WARN__DUPLICATE_METHOD_MATCH = YES;
				CODE_SIGN_IDENTITY = "iPhone Developer";
				COPY_PHASE_STRIP = NO;
				DEBUG_INFORMATION_FORMAT = dwarf;
				ENABLE_STRICT_OBJC_MSGSEND = YES;
				ENABLE_TESTABILITY = YES;
				GCC_C_LANGUAGE_STANDARD = gnu11;
				GCC_DYNAMIC_NO_PIC = NO;
				GCC_NO_COMMON_BLOCKS = YES;
				GCC_OPTIMIZATION_LEVEL = 0;
				GCC_PREPROCESSOR_DEFINITIONS = (
					"DEBUG=1",
					"$(inherited)",
				);
				GCC_WARN_64_TO_32_BIT_CONVERSION = YES;
				GCC_WARN_ABOUT_RETURN_TYPE = YES_ERROR;
				GCC_WARN_UNDECLARED_SELECTOR = YES;
				GCC_WARN_UNINITIALIZED_AUTOS = YES_AGGRESSIVE;
				GCC_WARN_UNUSED_FUNCTION = YES;
				GCC_WARN_UNUSED_VARIABLE = YES;
				IPHONEOS_DEPLOYMENT_TARGET = 12.0;
				MTL_ENABLE_DEBUG_INFO = INCLUDE_SOURCE;
				MTL_FAST_MATH = YES;
				ONLY_ACTIVE_ARCH = YES;
				SDKROOT = iphoneos;
				SWIFT_ACTIVE_COMPILATION_CONDITIONS = DEBUG;
				SWIFT_OPTIMIZATION_LEVEL = "-Onone";
			};
			name = Debug;
		};
		C2604FF12156A24900DF1078 /* Release */ = {
			isa = XCBuildConfiguration;
			buildSettings = {
				ALWAYS_SEARCH_USER_PATHS = NO;
				CLANG_ANALYZER_NONNULL = YES;
				CLANG_ANALYZER_NUMBER_OBJECT_CONVERSION = YES_AGGRESSIVE;
				CLANG_CXX_LANGUAGE_STANDARD = "gnu++14";
				CLANG_CXX_LIBRARY = "libc++";
				CLANG_ENABLE_MODULES = YES;
				CLANG_ENABLE_OBJC_ARC = YES;
				CLANG_ENABLE_OBJC_WEAK = YES;
				CLANG_WARN_BLOCK_CAPTURE_AUTORELEASING = YES;
				CLANG_WARN_BOOL_CONVERSION = YES;
				CLANG_WARN_COMMA = YES;
				CLANG_WARN_CONSTANT_CONVERSION = YES;
				CLANG_WARN_DEPRECATED_OBJC_IMPLEMENTATIONS = YES;
				CLANG_WARN_DIRECT_OBJC_ISA_USAGE = YES_ERROR;
				CLANG_WARN_DOCUMENTATION_COMMENTS = YES;
				CLANG_WARN_EMPTY_BODY = YES;
				CLANG_WARN_ENUM_CONVERSION = YES;
				CLANG_WARN_INFINITE_RECURSION = YES;
				CLANG_WARN_INT_CONVERSION = YES;
				CLANG_WARN_NON_LITERAL_NULL_CONVERSION = YES;
				CLANG_WARN_OBJC_IMPLICIT_RETAIN_SELF = YES;
				CLANG_WARN_OBJC_LITERAL_CONVERSION = YES;
				CLANG_WARN_OBJC_ROOT_CLASS = YES_ERROR;
				CLANG_WARN_RANGE_LOOP_ANALYSIS = YES;
				CLANG_WARN_STRICT_PROTOTYPES = YES;
				CLANG_WARN_SUSPICIOUS_MOVE = YES;
				CLANG_WARN_UNGUARDED_AVAILABILITY = YES_AGGRESSIVE;
				CLANG_WARN_UNREACHABLE_CODE = YES;
				CLANG_WARN__DUPLICATE_METHOD_MATCH = YES;
				CODE_SIGN_IDENTITY = "iPhone Developer";
				COPY_PHASE_STRIP = NO;
				DEBUG_INFORMATION_FORMAT = "dwarf-with-dsym";
				ENABLE_NS_ASSERTIONS = NO;
				ENABLE_STRICT_OBJC_MSGSEND = YES;
				GCC_C_LANGUAGE_STANDARD = gnu11;
				GCC_NO_COMMON_BLOCKS = YES;
				GCC_WARN_64_TO_32_BIT_CONVERSION = YES;
				GCC_WARN_ABOUT_RETURN_TYPE = YES_ERROR;
				GCC_WARN_UNDECLARED_SELECTOR = YES;
				GCC_WARN_UNINITIALIZED_AUTOS = YES_AGGRESSIVE;
				GCC_WARN_UNUSED_FUNCTION = YES;
				GCC_WARN_UNUSED_VARIABLE = YES;
				IPHONEOS_DEPLOYMENT_TARGET = 12.0;
				MTL_ENABLE_DEBUG_INFO = NO;
				MTL_FAST_MATH = YES;
				SDKROOT = iphoneos;
				SWIFT_COMPILATION_MODE = wholemodule;
				SWIFT_OPTIMIZATION_LEVEL = "-O";
				VALIDATE_PRODUCT = YES;
			};
			name = Release;
		};
		C2604FF32156A24900DF1078 /* Debug */ = {
			isa = XCBuildConfiguration;
			buildSettings = {
				ASSETCATALOG_COMPILER_APPICON_NAME = AppIcon;
				CODE_SIGN_STYLE = Automatic;
				DEVELOPMENT_TEAM = XXQ657B22L;
				INFOPLIST_FILE = MovieClips/Info.plist;
				LD_RUNPATH_SEARCH_PATHS = (
					"$(inherited)",
					"@executable_path/Frameworks",
				);
				PRODUCT_BUNDLE_IDENTIFIER = com.STPDChen.MovieClips;
				PRODUCT_NAME = "$(TARGET_NAME)";
				SWIFT_VERSION = 4.2;
				TARGETED_DEVICE_FAMILY = "1,2";
			};
			name = Debug;
		};
		C2604FF42156A24900DF1078 /* Release */ = {
			isa = XCBuildConfiguration;
			buildSettings = {
				ASSETCATALOG_COMPILER_APPICON_NAME = AppIcon;
				CODE_SIGN_STYLE = Automatic;
				DEVELOPMENT_TEAM = XXQ657B22L;
				INFOPLIST_FILE = MovieClips/Info.plist;
				LD_RUNPATH_SEARCH_PATHS = (
					"$(inherited)",
					"@executable_path/Frameworks",
				);
				PRODUCT_BUNDLE_IDENTIFIER = com.STPDChen.MovieClips;
				PRODUCT_NAME = "$(TARGET_NAME)";
				SWIFT_VERSION = 4.2;
				TARGETED_DEVICE_FAMILY = "1,2";
			};
			name = Release;
		};
/* End XCBuildConfiguration section */

/* Begin XCConfigurationList section */
		C2604FDB2156A24800DF1078 /* Build configuration list for PBXProject "MovieClips" */ = {
			isa = XCConfigurationList;
			buildConfigurations = (
				C2604FF02156A24900DF1078 /* Debug */,
				C2604FF12156A24900DF1078 /* Release */,
			);
			defaultConfigurationIsVisible = 0;
			defaultConfigurationName = Release;
		};
		C2604FF22156A24900DF1078 /* Build configuration list for PBXNativeTarget "MovieClips" */ = {
			isa = XCConfigurationList;
			buildConfigurations = (
				C2604FF32156A24900DF1078 /* Debug */,
				C2604FF42156A24900DF1078 /* Release */,
			);
			defaultConfigurationIsVisible = 0;
			defaultConfigurationName = Release;
		};
/* End XCConfigurationList section */
	};
	rootObject = C2604FD82156A24800DF1078 /* Project object */;
}
